
Microsoft Visual Studio Solution File, Format Version 12.00
# Visual Studio 15
VisualStudioVersion = 15.0.27130.2036
MinimumVisualStudioVersion = 10.0.40219.1
Project("{2150E333-8FDC-42A3-9474-1A3956D46DE8}") = "src", "src", "{D28023E0-B401-4C34-A3A7-5130D2A2FFC5}"
EndProject
Project("{FAE04EC0-301F-11D3-BF4B-00C04F79EFBC}") = "FungeIde.Common", "src\FungeIde.Common\FungeIde.Common.csproj", "{58ED5965-8358-476B-8A4F-15074D124262}"
EndProject
Project("{FAE04EC0-301F-11D3-BF4B-00C04F79EFBC}") = "FungeIde.UI", "src\FungeIde.UI\FungeIde.UI.csproj", "{5379451B-A9F7-4D7B-B18D-920D7E5C194C}"
EndProject
Global
	GlobalSection(SolutionConfigurationPlatforms) = preSolution
		Debug|Any CPU = Debug|Any CPU
		Release|Any CPU = Release|Any CPU
	EndGlobalSection
	GlobalSection(ProjectConfigurationPlatforms) = postSolution
		{58ED5965-8358-476B-8A4F-15074D124262}.Debug|Any CPU.ActiveCfg = Debug|Any CPU
		{58ED5965-8358-476B-8A4F-15074D124262}.Debug|Any CPU.Build.0 = Debug|Any CPU
		{58ED5965-8358-476B-8A4F-15074D124262}.Release|Any CPU.ActiveCfg = Release|Any CPU
		{58ED5965-8358-476B-8A4F-15074D124262}.Release|Any CPU.Build.0 = Release|Any CPU
		{5379451B-A9F7-4D7B-B18D-920D7E5C194C}.Debug|Any CPU.ActiveCfg = Debug|Any CPU
		{5379451B-A9F7-4D7B-B18D-920D7E5C194C}.Debug|Any CPU.Build.0 = Debug|Any CPU
		{5379451B-A9F7-4D7B-B18D-920D7E5C194C}.Release|Any CPU.ActiveCfg = Release|Any CPU
		{5379451B-A9F7-4D7B-B18D-920D7E5C194C}.Release|Any CPU.Build.0 = Release|Any CPU
	EndGlobalSection
	GlobalSection(SolutionProperties) = preSolution
		HideSolutionNode = FALSE
	EndGlobalSection
	GlobalSection(NestedProjects) = preSolution
		{58ED5965-8358-476B-8A4F-15074D124262} = {D28023E0-B401-4C34-A3A7-5130D2A2FFC5}
		{5379451B-A9F7-4D7B-B18D-920D7E5C194C} = {D28023E0-B401-4C34-A3A7-5130D2A2FFC5}
	EndGlobalSection
	GlobalSection(ExtensibilityGlobals) = postSolution
		SolutionGuid = {4B209457-6D80-47EB-8BA3-16452D4D2C6C}
	EndGlobalSection
EndGlobal
